// !$*UTF8*$!
{
	archiveVersion = 1;
	classes = {
	};
	objectVersion = 50;
	objects = {

/* Begin PBXBuildFile section */
		001A4A7D231542A9006E22D3 /* Settings.swift in Sources */ = {isa = PBXBuildFile; fileRef = 001A4A7C231542A9006E22D3 /* Settings.swift */; };
		001A4A7F2315AF26006E22D3 /* Purger.swift in Sources */ = {isa = PBXBuildFile; fileRef = 001A4A7E2315AF26006E22D3 /* Purger.swift */; };
		0029DD2E232BA5BE00D7993C /* LibrarySectionHeader.xib in Resources */ = {isa = PBXBuildFile; fileRef = 0029DD2D232BA5BE00D7993C /* LibrarySectionHeader.xib */; };
		0029DD30232BA91200D7993C /* LibrarySectionHeader.swift in Sources */ = {isa = PBXBuildFile; fileRef = 0029DD2F232BA91200D7993C /* LibrarySectionHeader.swift */; };
		00434C43231C8F96007844E1 /* NoteCell.swift in Sources */ = {isa = PBXBuildFile; fileRef = 00434C42231C8F96007844E1 /* NoteCell.swift */; };
		00434C45231C920C007844E1 /* Formatters.swift in Sources */ = {isa = PBXBuildFile; fileRef = 00434C44231C920C007844E1 /* Formatters.swift */; };
		00434C49231D4945007844E1 /* EditorTextView.swift in Sources */ = {isa = PBXBuildFile; fileRef = 00434C48231D4945007844E1 /* EditorTextView.swift */; };
		00434C4B231E6638007844E1 /* BackgroundPausingTimer.swift in Sources */ = {isa = PBXBuildFile; fileRef = 00434C4A231E6638007844E1 /* BackgroundPausingTimer.swift */; };
		00456167230C44AC009B50DB /* UITextView.swift in Sources */ = {isa = PBXBuildFile; fileRef = 00456166230C44AC009B50DB /* UITextView.swift */; };
		00456178230C7430009B50DB /* SafeAreaInputAccessoryViewWrapperView.swift in Sources */ = {isa = PBXBuildFile; fileRef = 00456177230C7430009B50DB /* SafeAreaInputAccessoryViewWrapperView.swift */; };
		0058B2BA231FEC32004BB65A /* Diagnostic.swift in Sources */ = {isa = PBXBuildFile; fileRef = 0058B2B9231FEC32004BB65A /* Diagnostic.swift */; };
		0058B2BC231FEE1A004BB65A /* Alerts.swift in Sources */ = {isa = PBXBuildFile; fileRef = 0058B2BB231FEE1A004BB65A /* Alerts.swift */; };
		0058B2BE231FF22E004BB65A /* TimeUntilStepper.swift in Sources */ = {isa = PBXBuildFile; fileRef = 0058B2BD231FF22E004BB65A /* TimeUntilStepper.swift */; };
		0063F21C230FCB36005A91A6 /* LibraryViewController.swift in Sources */ = {isa = PBXBuildFile; fileRef = 0063F21B230FCB36005A91A6 /* LibraryViewController.swift */; };
		0063F21E230FE66F005A91A6 /* FetchedResultsControllerChange.swift in Sources */ = {isa = PBXBuildFile; fileRef = 0063F21D230FE66F005A91A6 /* FetchedResultsControllerChange.swift */; };
		0063F220230FE6A3005A91A6 /* LibraryDataSource.swift in Sources */ = {isa = PBXBuildFile; fileRef = 0063F21F230FE6A3005A91A6 /* LibraryDataSource.swift */; };
		0063F22523103098005A91A6 /* ManagedObjectObserver.swift in Sources */ = {isa = PBXBuildFile; fileRef = 0063F22423103098005A91A6 /* ManagedObjectObserver.swift */; };
		0063F2272313F7AB005A91A6 /* dprint.swift in Sources */ = {isa = PBXBuildFile; fileRef = 0063F2262313F7AA005A91A6 /* dprint.swift */; };
		008DE532232FFAE700B55BF8 /* String.swift in Sources */ = {isa = PBXBuildFile; fileRef = 008DE531232FFAE700B55BF8 /* String.swift */; };
		008DE534232FFB4C00B55BF8 /* EmptyLibraryView.swift in Sources */ = {isa = PBXBuildFile; fileRef = 008DE533232FFB4C00B55BF8 /* EmptyLibraryView.swift */; };
		008DE536232FFEFA00B55BF8 /* UIResponder.swift in Sources */ = {isa = PBXBuildFile; fileRef = 00E63618232826E700F3BBF5 /* UIResponder.swift */; };
		0095C5C8230E87CB00F964D2 /* EditorDataSource.swift in Sources */ = {isa = PBXBuildFile; fileRef = 0095C5C7230E87CB00F964D2 /* EditorDataSource.swift */; };
		00A00CDA231C8ECD00A336CC /* UIFont.swift in Sources */ = {isa = PBXBuildFile; fileRef = 00A00CD9231C8ECD00A336CC /* UIFont.swift */; };
		00A3A8B123219C2D004C6E9D /* AboutViewController.swift in Sources */ = {isa = PBXBuildFile; fileRef = 00A3A8B023219C2D004C6E9D /* AboutViewController.swift */; };
		00A3A8B42321A394004C6E9D /* Settings.storyboard in Resources */ = {isa = PBXBuildFile; fileRef = 00A3A8B22321A394004C6E9D /* Settings.storyboard */; };
		00B050E4230D33370075B3D3 /* BrainDump.xcdatamodeld in Sources */ = {isa = PBXBuildFile; fileRef = 00B050E2230D33370075B3D3 /* BrainDump.xcdatamodeld */; };
		00B050E6230D3FDA0075B3D3 /* CoreDataStore.swift in Sources */ = {isa = PBXBuildFile; fileRef = 00B050E5230D3FDA0075B3D3 /* CoreDataStore.swift */; };
		00B050EB230D752A0075B3D3 /* Note.swift in Sources */ = {isa = PBXBuildFile; fileRef = 00B050E7230D70690075B3D3 /* Note.swift */; };
		00B20B452317FB56002F5DD6 /* SlidePresentationController.swift in Sources */ = {isa = PBXBuildFile; fileRef = 00B20B442317FB56002F5DD6 /* SlidePresentationController.swift */; };
		00B20B4723180012002F5DD6 /* SlideAnimator.swift in Sources */ = {isa = PBXBuildFile; fileRef = 00B20B4623180012002F5DD6 /* SlideAnimator.swift */; };
		00B20B492318480E002F5DD6 /* SlideTransitionController.swift in Sources */ = {isa = PBXBuildFile; fileRef = 00B20B482318480E002F5DD6 /* SlideTransitionController.swift */; };
		00B20B4C231866CB002F5DD6 /* Coordinator.swift in Sources */ = {isa = PBXBuildFile; fileRef = 00B20B4B231866CB002F5DD6 /* Coordinator.swift */; };
		00B20B4E2318884D002F5DD6 /* SlideInteractor.swift in Sources */ = {isa = PBXBuildFile; fileRef = 00B20B4D2318884D002F5DD6 /* SlideInteractor.swift */; };
		00BDCB79231EC0BD00E060F6 /* FetchedResultsControllerSearcher.swift in Sources */ = {isa = PBXBuildFile; fileRef = 00BDCB78231EC0BD00E060F6 /* FetchedResultsControllerSearcher.swift */; };
		00BDCB7B231EC88000E060F6 /* SettingsViewController.swift in Sources */ = {isa = PBXBuildFile; fileRef = 00BDCB7A231EC88000E060F6 /* SettingsViewController.swift */; };
		00C48FF42330C1260043494E /* TransitionController.swift in Sources */ = {isa = PBXBuildFile; fileRef = 00C48FF32330C1260043494E /* TransitionController.swift */; };
		00C4A0EC23055D4E009494A0 /* AppDelegate.swift in Sources */ = {isa = PBXBuildFile; fileRef = 00C4A0EB23055D4E009494A0 /* AppDelegate.swift */; };
		00C4A0EE23055D4E009494A0 /* EditorViewController.swift in Sources */ = {isa = PBXBuildFile; fileRef = 00C4A0ED23055D4E009494A0 /* EditorViewController.swift */; };
		00C4A0F123055D4E009494A0 /* Main.storyboard in Resources */ = {isa = PBXBuildFile; fileRef = 00C4A0EF23055D4E009494A0 /* Main.storyboard */; };
		00C4A0F323055D50009494A0 /* Assets.xcassets in Resources */ = {isa = PBXBuildFile; fileRef = 00C4A0F223055D50009494A0 /* Assets.xcassets */; };
		00C4A0F623055D50009494A0 /* LaunchScreen.storyboard in Resources */ = {isa = PBXBuildFile; fileRef = 00C4A0F423055D50009494A0 /* LaunchScreen.storyboard */; };
		00E6360E2326504400F3BBF5 /* Style.swift in Sources */ = {isa = PBXBuildFile; fileRef = 00E6360D2326504400F3BBF5 /* Style.swift */; };
		00E6361023279B1200F3BBF5 /* Feature.swift in Sources */ = {isa = PBXBuildFile; fileRef = 00E6360F23279B1200F3BBF5 /* Feature.swift */; };
		00E636122327AA6E00F3BBF5 /* NotificationCenterObservable.swift in Sources */ = {isa = PBXBuildFile; fileRef = 00E636112327AA6E00F3BBF5 /* NotificationCenterObservable.swift */; };
		00E636142327D42F00F3BBF5 /* Date.swift in Sources */ = {isa = PBXBuildFile; fileRef = 00E636132327D42F00F3BBF5 /* Date.swift */; };
		00E6361723281EE400F3BBF5 /* SlideTransitionable.swift in Sources */ = {isa = PBXBuildFile; fileRef = 00E6361623281EE400F3BBF5 /* SlideTransitionable.swift */; };
/* End PBXBuildFile section */

/* Begin PBXFileReference section */
		001A4A7C231542A9006E22D3 /* Settings.swift */ = {isa = PBXFileReference; lastKnownFileType = sourcecode.swift; name = Settings.swift; path = BrainDump/Application/Settings.swift; sourceTree = SOURCE_ROOT; };
		001A4A7E2315AF26006E22D3 /* Purger.swift */ = {isa = PBXFileReference; lastKnownFileType = sourcecode.swift; path = Purger.swift; sourceTree = "<group>"; };
		0029DD2D232BA5BE00D7993C /* LibrarySectionHeader.xib */ = {isa = PBXFileReference; lastKnownFileType = file.xib; path = LibrarySectionHeader.xib; sourceTree = "<group>"; };
		0029DD2F232BA91200D7993C /* LibrarySectionHeader.swift */ = {isa = PBXFileReference; lastKnownFileType = sourcecode.swift; path = LibrarySectionHeader.swift; sourceTree = "<group>"; };
		00434C42231C8F96007844E1 /* NoteCell.swift */ = {isa = PBXFileReference; lastKnownFileType = sourcecode.swift; path = NoteCell.swift; sourceTree = "<group>"; };
		00434C44231C920C007844E1 /* Formatters.swift */ = {isa = PBXFileReference; lastKnownFileType = sourcecode.swift; path = Formatters.swift; sourceTree = "<group>"; };
		00434C48231D4945007844E1 /* EditorTextView.swift */ = {isa = PBXFileReference; lastKnownFileType = sourcecode.swift; path = EditorTextView.swift; sourceTree = "<group>"; };
		00434C4A231E6638007844E1 /* BackgroundPausingTimer.swift */ = {isa = PBXFileReference; lastKnownFileType = sourcecode.swift; path = BackgroundPausingTimer.swift; sourceTree = "<group>"; };
		00456166230C44AC009B50DB /* UITextView.swift */ = {isa = PBXFileReference; lastKnownFileType = sourcecode.swift; path = UITextView.swift; sourceTree = "<group>"; };
		00456177230C7430009B50DB /* SafeAreaInputAccessoryViewWrapperView.swift */ = {isa = PBXFileReference; lastKnownFileType = sourcecode.swift; path = SafeAreaInputAccessoryViewWrapperView.swift; sourceTree = "<group>"; };
		0058B2B9231FEC32004BB65A /* Diagnostic.swift */ = {isa = PBXFileReference; lastKnownFileType = sourcecode.swift; name = Diagnostic.swift; path = ../Settings/Diagnostic.swift; sourceTree = "<group>"; };
		0058B2BB231FEE1A004BB65A /* Alerts.swift */ = {isa = PBXFileReference; lastKnownFileType = sourcecode.swift; path = Alerts.swift; sourceTree = "<group>"; };
		0058B2BD231FF22E004BB65A /* TimeUntilStepper.swift */ = {isa = PBXFileReference; lastKnownFileType = sourcecode.swift; path = TimeUntilStepper.swift; sourceTree = "<group>"; };
		0063F21B230FCB36005A91A6 /* LibraryViewController.swift */ = {isa = PBXFileReference; lastKnownFileType = sourcecode.swift; path = LibraryViewController.swift; sourceTree = "<group>"; };
		0063F21D230FE66F005A91A6 /* FetchedResultsControllerChange.swift */ = {isa = PBXFileReference; lastKnownFileType = sourcecode.swift; path = FetchedResultsControllerChange.swift; sourceTree = "<group>"; };
		0063F21F230FE6A3005A91A6 /* LibraryDataSource.swift */ = {isa = PBXFileReference; lastKnownFileType = sourcecode.swift; path = LibraryDataSource.swift; sourceTree = "<group>"; };
		0063F22423103098005A91A6 /* ManagedObjectObserver.swift */ = {isa = PBXFileReference; lastKnownFileType = sourcecode.swift; path = ManagedObjectObserver.swift; sourceTree = "<group>"; };
		0063F2262313F7AA005A91A6 /* dprint.swift */ = {isa = PBXFileReference; lastKnownFileType = sourcecode.swift; path = dprint.swift; sourceTree = "<group>"; };
		008DE531232FFAE700B55BF8 /* String.swift */ = {isa = PBXFileReference; lastKnownFileType = sourcecode.swift; path = String.swift; sourceTree = "<group>"; };
		008DE533232FFB4C00B55BF8 /* EmptyLibraryView.swift */ = {isa = PBXFileReference; lastKnownFileType = sourcecode.swift; path = EmptyLibraryView.swift; sourceTree = "<group>"; };
		0095C5C7230E87CB00F964D2 /* EditorDataSource.swift */ = {isa = PBXFileReference; lastKnownFileType = sourcecode.swift; path = EditorDataSource.swift; sourceTree = "<group>"; };
		00A00CD9231C8ECD00A336CC /* UIFont.swift */ = {isa = PBXFileReference; fileEncoding = 4; lastKnownFileType = sourcecode.swift; path = UIFont.swift; sourceTree = "<group>"; };
		00A3A8B023219C2D004C6E9D /* AboutViewController.swift */ = {isa = PBXFileReference; lastKnownFileType = sourcecode.swift; path = AboutViewController.swift; sourceTree = "<group>"; };
		00A3A8B32321A394004C6E9D /* Base */ = {isa = PBXFileReference; lastKnownFileType = file.storyboard; name = Base; path = BrainDump/Base.lproj/Settings.storyboard; sourceTree = "<group>"; };
		00B050E3230D33370075B3D3 /* BrainDump.xcdatamodel */ = {isa = PBXFileReference; lastKnownFileType = wrapper.xcdatamodel; path = BrainDump.xcdatamodel; sourceTree = "<group>"; };
		00B050E5230D3FDA0075B3D3 /* CoreDataStore.swift */ = {isa = PBXFileReference; lastKnownFileType = sourcecode.swift; path = CoreDataStore.swift; sourceTree = "<group>"; };
		00B050E7230D70690075B3D3 /* Note.swift */ = {isa = PBXFileReference; lastKnownFileType = sourcecode.swift; path = Note.swift; sourceTree = "<group>"; };
		00B20B442317FB56002F5DD6 /* SlidePresentationController.swift */ = {isa = PBXFileReference; lastKnownFileType = sourcecode.swift; path = SlidePresentationController.swift; sourceTree = "<group>"; };
		00B20B4623180012002F5DD6 /* SlideAnimator.swift */ = {isa = PBXFileReference; lastKnownFileType = sourcecode.swift; path = SlideAnimator.swift; sourceTree = "<group>"; };
		00B20B482318480E002F5DD6 /* SlideTransitionController.swift */ = {isa = PBXFileReference; lastKnownFileType = sourcecode.swift; path = SlideTransitionController.swift; sourceTree = "<group>"; };
		00B20B4B231866CB002F5DD6 /* Coordinator.swift */ = {isa = PBXFileReference; lastKnownFileType = sourcecode.swift; path = Coordinator.swift; sourceTree = "<group>"; };
		00B20B4D2318884D002F5DD6 /* SlideInteractor.swift */ = {isa = PBXFileReference; lastKnownFileType = sourcecode.swift; path = SlideInteractor.swift; sourceTree = "<group>"; };
		00BDCB78231EC0BD00E060F6 /* FetchedResultsControllerSearcher.swift */ = {isa = PBXFileReference; lastKnownFileType = sourcecode.swift; name = FetchedResultsControllerSearcher.swift; path = BrainDump/Utilities/FetchedResultsControllerSearcher.swift; sourceTree = SOURCE_ROOT; };
		00BDCB7A231EC88000E060F6 /* SettingsViewController.swift */ = {isa = PBXFileReference; lastKnownFileType = sourcecode.swift; path = SettingsViewController.swift; sourceTree = "<group>"; };
		00C48FF32330C1260043494E /* TransitionController.swift */ = {isa = PBXFileReference; lastKnownFileType = sourcecode.swift; path = TransitionController.swift; sourceTree = "<group>"; };
		00C4A0E823055D4E009494A0 /* BrainDump.app */ = {isa = PBXFileReference; explicitFileType = wrapper.application; includeInIndex = 0; path = BrainDump.app; sourceTree = BUILT_PRODUCTS_DIR; };
		00C4A0EB23055D4E009494A0 /* AppDelegate.swift */ = {isa = PBXFileReference; lastKnownFileType = sourcecode.swift; path = AppDelegate.swift; sourceTree = "<group>"; };
		00C4A0ED23055D4E009494A0 /* EditorViewController.swift */ = {isa = PBXFileReference; lastKnownFileType = sourcecode.swift; path = EditorViewController.swift; sourceTree = "<group>"; };
		00C4A0F023055D4E009494A0 /* Base */ = {isa = PBXFileReference; lastKnownFileType = file.storyboard; name = Base; path = Base.lproj/Main.storyboard; sourceTree = "<group>"; };
		00C4A0F223055D50009494A0 /* Assets.xcassets */ = {isa = PBXFileReference; lastKnownFileType = folder.assetcatalog; path = Assets.xcassets; sourceTree = "<group>"; };
		00C4A0F523055D50009494A0 /* Base */ = {isa = PBXFileReference; lastKnownFileType = file.storyboard; name = Base; path = Base.lproj/LaunchScreen.storyboard; sourceTree = "<group>"; };
		00C4A0F723055D50009494A0 /* Info.plist */ = {isa = PBXFileReference; lastKnownFileType = text.plist.xml; path = Info.plist; sourceTree = "<group>"; };
		00E6360D2326504400F3BBF5 /* Style.swift */ = {isa = PBXFileReference; lastKnownFileType = sourcecode.swift; path = Style.swift; sourceTree = "<group>"; };
		00E6360F23279B1200F3BBF5 /* Feature.swift */ = {isa = PBXFileReference; lastKnownFileType = sourcecode.swift; path = Feature.swift; sourceTree = "<group>"; };
		00E636112327AA6E00F3BBF5 /* NotificationCenterObservable.swift */ = {isa = PBXFileReference; lastKnownFileType = sourcecode.swift; path = NotificationCenterObservable.swift; sourceTree = "<group>"; };
		00E636132327D42F00F3BBF5 /* Date.swift */ = {isa = PBXFileReference; lastKnownFileType = sourcecode.swift; name = Date.swift; path = BrainDump/Utilities/Date.swift; sourceTree = SOURCE_ROOT; };
		00E6361623281EE400F3BBF5 /* SlideTransitionable.swift */ = {isa = PBXFileReference; lastKnownFileType = sourcecode.swift; path = SlideTransitionable.swift; sourceTree = "<group>"; };
		00E63618232826E700F3BBF5 /* UIResponder.swift */ = {isa = PBXFileReference; lastKnownFileType = sourcecode.swift; path = UIResponder.swift; sourceTree = "<group>"; };
/* End PBXFileReference section */

/* Begin PBXFrameworksBuildPhase section */
		00C4A0E523055D4E009494A0 /* Frameworks */ = {
			isa = PBXFrameworksBuildPhase;
			buildActionMask = 2147483647;
			files = (
			);
			runOnlyForDeploymentPostprocessing = 0;
		};
/* End PBXFrameworksBuildPhase section */

/* Begin PBXGroup section */
		00456165230C3193009B50DB /* Resources */ = {
			isa = PBXGroup;
			children = (
				00C4A0F723055D50009494A0 /* Info.plist */,
				00C4A0F223055D50009494A0 /* Assets.xcassets */,
			);
			path = Resources;
			sourceTree = "<group>";
		};
		0063F218230FC8CD005A91A6 /* Utilities */ = {
			isa = PBXGroup;
			children = (
				00434C4A231E6638007844E1 /* BackgroundPausingTimer.swift */,
				00E636132327D42F00F3BBF5 /* Date.swift */,
				0058B2B9231FEC32004BB65A /* Diagnostic.swift */,
				0063F2262313F7AA005A91A6 /* dprint.swift */,
				0063F21D230FE66F005A91A6 /* FetchedResultsControllerChange.swift */,
				00BDCB78231EC0BD00E060F6 /* FetchedResultsControllerSearcher.swift */,
				0063F22423103098005A91A6 /* ManagedObjectObserver.swift */,
				00E636112327AA6E00F3BBF5 /* NotificationCenterObservable.swift */,
				008DE531232FFAE700B55BF8 /* String.swift */,
				00A00CD9231C8ECD00A336CC /* UIFont.swift */,
				00E63618232826E700F3BBF5 /* UIResponder.swift */,
				00456166230C44AC009B50DB /* UITextView.swift */,
			);
			path = Utilities;
			sourceTree = "<group>";
		};
		0063F219230FC8F7005A91A6 /* Model */ = {
			isa = PBXGroup;
			children = (
				00B050E7230D70690075B3D3 /* Note.swift */,
				00B050E2230D33370075B3D3 /* BrainDump.xcdatamodeld */,
			);
			path = Model;
			sourceTree = "<group>";
		};
		0063F21A230FC91C005A91A6 /* Editor */ = {
			isa = PBXGroup;
			children = (
				00C4A0ED23055D4E009494A0 /* EditorViewController.swift */,
				0095C5C7230E87CB00F964D2 /* EditorDataSource.swift */,
				00434C48231D4945007844E1 /* EditorTextView.swift */,
				00456177230C7430009B50DB /* SafeAreaInputAccessoryViewWrapperView.swift */,
			);
			path = Editor;
			sourceTree = "<group>";
		};
		0063F221230FE6AB005A91A6 /* Library */ = {
			isa = PBXGroup;
			children = (
				0063F21B230FCB36005A91A6 /* LibraryViewController.swift */,
				0063F21F230FE6A3005A91A6 /* LibraryDataSource.swift */,
				008DE533232FFB4C00B55BF8 /* EmptyLibraryView.swift */,
				00434C42231C8F96007844E1 /* NoteCell.swift */,
				0029DD2F232BA91200D7993C /* LibrarySectionHeader.swift */,
				0029DD2D232BA5BE00D7993C /* LibrarySectionHeader.xib */,
			);
			path = Library;
			sourceTree = "<group>";
		};
		00B20B4A23184836002F5DD6 /* Transition */ = {
			isa = PBXGroup;
			children = (
				00B20B482318480E002F5DD6 /* SlideTransitionController.swift */,
				00B20B442317FB56002F5DD6 /* SlidePresentationController.swift */,
				00B20B4623180012002F5DD6 /* SlideAnimator.swift */,
				00B20B4D2318884D002F5DD6 /* SlideInteractor.swift */,
				00E6361623281EE400F3BBF5 /* SlideTransitionable.swift */,
			);
			path = Transition;
			sourceTree = "<group>";
		};
		00BDCB7C231EC88900E060F6 /* Settings */ = {
			isa = PBXGroup;
			children = (
				00A3A8B22321A394004C6E9D /* Settings.storyboard */,
				00BDCB7A231EC88000E060F6 /* SettingsViewController.swift */,
				00A3A8B023219C2D004C6E9D /* AboutViewController.swift */,
				0058B2BD231FF22E004BB65A /* TimeUntilStepper.swift */,
				00E6360F23279B1200F3BBF5 /* Feature.swift */,
			);
			path = Settings;
			sourceTree = "<group>";
		};
		00C4A0DF23055D4E009494A0 = {
			isa = PBXGroup;
			children = (
				00C4A0EA23055D4E009494A0 /* BrainDump */,
				00C4A0E923055D4E009494A0 /* Products */,
			);
			sourceTree = "<group>";
		};
		00C4A0E923055D4E009494A0 /* Products */ = {
			isa = PBXGroup;
			children = (
				00C4A0E823055D4E009494A0 /* BrainDump.app */,
			);
			name = Products;
			sourceTree = "<group>";
		};
		00C4A0EA23055D4E009494A0 /* BrainDump */ = {
			isa = PBXGroup;
			children = (
				00C4A0F423055D50009494A0 /* LaunchScreen.storyboard */,
				00C4A0EF23055D4E009494A0 /* Main.storyboard */,
				00E636152327E25300F3BBF5 /* Application */,
				0063F21A230FC91C005A91A6 /* Editor */,
				0063F221230FE6AB005A91A6 /* Library */,
				00BDCB7C231EC88900E060F6 /* Settings */,
				00B20B4A23184836002F5DD6 /* Transition */,
				0063F219230FC8F7005A91A6 /* Model */,
				0063F218230FC8CD005A91A6 /* Utilities */,
				00456165230C3193009B50DB /* Resources */,
			);
			path = BrainDump;
			sourceTree = "<group>";
		};
		00E636152327E25300F3BBF5 /* Application */ = {
			isa = PBXGroup;
			children = (
				00C4A0EB23055D4E009494A0 /* AppDelegate.swift */,
				00B20B4B231866CB002F5DD6 /* Coordinator.swift */,
				00C48FF32330C1260043494E /* TransitionController.swift */,
				00B050E5230D3FDA0075B3D3 /* CoreDataStore.swift */,
				001A4A7E2315AF26006E22D3 /* Purger.swift */,
				001A4A7C231542A9006E22D3 /* Settings.swift */,
				00E6360D2326504400F3BBF5 /* Style.swift */,
				0058B2BB231FEE1A004BB65A /* Alerts.swift */,
				00434C44231C920C007844E1 /* Formatters.swift */,
			);
			path = Application;
			sourceTree = "<group>";
		};
/* End PBXGroup section */

/* Begin PBXNativeTarget section */
		00C4A0E723055D4E009494A0 /* BrainDump */ = {
			isa = PBXNativeTarget;
			buildConfigurationList = 00C4A0FA23055D50009494A0 /* Build configuration list for PBXNativeTarget "BrainDump" */;
			buildPhases = (
				00C4A0E423055D4E009494A0 /* Sources */,
				00C4A0E523055D4E009494A0 /* Frameworks */,
				00C4A0E623055D4E009494A0 /* Resources */,
				0029DD31232E36B400D7993C /* Increment Build Number */,
			);
			buildRules = (
			);
			dependencies = (
			);
			name = BrainDump;
			productName = BrainDump;
			productReference = 00C4A0E823055D4E009494A0 /* BrainDump.app */;
			productType = "com.apple.product-type.application";
		};
/* End PBXNativeTarget section */

/* Begin PBXProject section */
		00C4A0E023055D4E009494A0 /* Project object */ = {
			isa = PBXProject;
			attributes = {
				LastSwiftUpdateCheck = 1020;
				LastUpgradeCheck = 1020;
				ORGANIZATIONNAME = "Arthur Hammer";
				TargetAttributes = {
					00C4A0E723055D4E009494A0 = {
						CreatedOnToolsVersion = 10.2.1;
					};
				};
			};
			buildConfigurationList = 00C4A0E323055D4E009494A0 /* Build configuration list for PBXProject "BrainDump" */;
			compatibilityVersion = "Xcode 9.3";
			developmentRegion = en;
			hasScannedForEncodings = 0;
			knownRegions = (
				en,
				Base,
			);
			mainGroup = 00C4A0DF23055D4E009494A0;
			productRefGroup = 00C4A0E923055D4E009494A0 /* Products */;
			projectDirPath = "";
			projectRoot = "";
			targets = (
				00C4A0E723055D4E009494A0 /* BrainDump */,
			);
		};
/* End PBXProject section */

/* Begin PBXResourcesBuildPhase section */
		00C4A0E623055D4E009494A0 /* Resources */ = {
			isa = PBXResourcesBuildPhase;
			buildActionMask = 2147483647;
			files = (
				00C4A0F623055D50009494A0 /* LaunchScreen.storyboard in Resources */,
				0029DD2E232BA5BE00D7993C /* LibrarySectionHeader.xib in Resources */,
				00C4A0F323055D50009494A0 /* Assets.xcassets in Resources */,
				00C4A0F123055D4E009494A0 /* Main.storyboard in Resources */,
				00A3A8B42321A394004C6E9D /* Settings.storyboard in Resources */,
			);
			runOnlyForDeploymentPostprocessing = 0;
		};
/* End PBXResourcesBuildPhase section */

/* Begin PBXShellScriptBuildPhase section */
		0029DD31232E36B400D7993C /* Increment Build Number */ = {
			isa = PBXShellScriptBuildPhase;
			buildActionMask = 2147483647;
			files = (
			);
			inputFileListPaths = (
			);
			inputPaths = (
			);
			name = "Increment Build Number";
			outputFileListPaths = (
			);
			outputPaths = (
			);
			runOnlyForDeploymentPostprocessing = 0;
			shellPath = /bin/sh;
			shellScript = "buildNumber=$(/usr/libexec/PlistBuddy -c \"Print CFBundleVersion\" \"${INFOPLIST_FILE}\")\nbuildNumber=$(($buildNumber + 1))\n/usr/libexec/PlistBuddy -c \"Set :CFBundleVersion $buildNumber\" \"${INFOPLIST_FILE}\"\n";
		};
/* End PBXShellScriptBuildPhase section */

/* Begin PBXSourcesBuildPhase section */
		00C4A0E423055D4E009494A0 /* Sources */ = {
			isa = PBXSourcesBuildPhase;
			buildActionMask = 2147483647;
			files = (
				00B20B492318480E002F5DD6 /* SlideTransitionController.swift in Sources */,
				0058B2BE231FF22E004BB65A /* TimeUntilStepper.swift in Sources */,
				00C4A0EE23055D4E009494A0 /* EditorViewController.swift in Sources */,
				00456178230C7430009B50DB /* SafeAreaInputAccessoryViewWrapperView.swift in Sources */,
				00E636122327AA6E00F3BBF5 /* NotificationCenterObservable.swift in Sources */,
				0063F22523103098005A91A6 /* ManagedObjectObserver.swift in Sources */,
				0063F21E230FE66F005A91A6 /* FetchedResultsControllerChange.swift in Sources */,
				00434C4B231E6638007844E1 /* BackgroundPausingTimer.swift in Sources */,
				00434C43231C8F96007844E1 /* NoteCell.swift in Sources */,
				00A3A8B123219C2D004C6E9D /* AboutViewController.swift in Sources */,
				001A4A7D231542A9006E22D3 /* Settings.swift in Sources */,
				00B20B4C231866CB002F5DD6 /* Coordinator.swift in Sources */,
				00434C45231C920C007844E1 /* Formatters.swift in Sources */,
				0095C5C8230E87CB00F964D2 /* EditorDataSource.swift in Sources */,
				0063F21C230FCB36005A91A6 /* LibraryViewController.swift in Sources */,
				0058B2BC231FEE1A004BB65A /* Alerts.swift in Sources */,
				00E636142327D42F00F3BBF5 /* Date.swift in Sources */,
				00B20B452317FB56002F5DD6 /* SlidePresentationController.swift in Sources */,
				00B050E6230D3FDA0075B3D3 /* CoreDataStore.swift in Sources */,
				001A4A7F2315AF26006E22D3 /* Purger.swift in Sources */,
				00BDCB79231EC0BD00E060F6 /* FetchedResultsControllerSearcher.swift in Sources */,
				0058B2BA231FEC32004BB65A /* Diagnostic.swift in Sources */,
				00434C49231D4945007844E1 /* EditorTextView.swift in Sources */,
				008DE534232FFB4C00B55BF8 /* EmptyLibraryView.swift in Sources */,
				00B050E4230D33370075B3D3 /* BrainDump.xcdatamodeld in Sources */,
				00B20B4E2318884D002F5DD6 /* SlideInteractor.swift in Sources */,
				00E6360E2326504400F3BBF5 /* Style.swift in Sources */,
				008DE532232FFAE700B55BF8 /* String.swift in Sources */,
				008DE536232FFEFA00B55BF8 /* UIResponder.swift in Sources */,
				0029DD30232BA91200D7993C /* LibrarySectionHeader.swift in Sources */,
				00C48FF42330C1260043494E /* TransitionController.swift in Sources */,
				00B20B4723180012002F5DD6 /* SlideAnimator.swift in Sources */,
				00B050EB230D752A0075B3D3 /* Note.swift in Sources */,
				00E6361723281EE400F3BBF5 /* SlideTransitionable.swift in Sources */,
				00456167230C44AC009B50DB /* UITextView.swift in Sources */,
				00E6361023279B1200F3BBF5 /* Feature.swift in Sources */,
				00A00CDA231C8ECD00A336CC /* UIFont.swift in Sources */,
				0063F220230FE6A3005A91A6 /* LibraryDataSource.swift in Sources */,
				0063F2272313F7AB005A91A6 /* dprint.swift in Sources */,
				00C4A0EC23055D4E009494A0 /* AppDelegate.swift in Sources */,
				00BDCB7B231EC88000E060F6 /* SettingsViewController.swift in Sources */,
			);
			runOnlyForDeploymentPostprocessing = 0;
		};
/* End PBXSourcesBuildPhase section */

/* Begin PBXVariantGroup section */
		00A3A8B22321A394004C6E9D /* Settings.storyboard */ = {
			isa = PBXVariantGroup;
			children = (
				00A3A8B32321A394004C6E9D /* Base */,
			);
			name = Settings.storyboard;
			sourceTree = "<group>";
		};
		00C4A0EF23055D4E009494A0 /* Main.storyboard */ = {
			isa = PBXVariantGroup;
			children = (
				00C4A0F023055D4E009494A0 /* Base */,
			);
			name = Main.storyboard;
			sourceTree = "<group>";
		};
		00C4A0F423055D50009494A0 /* LaunchScreen.storyboard */ = {
			isa = PBXVariantGroup;
			children = (
				00C4A0F523055D50009494A0 /* Base */,
			);
			name = LaunchScreen.storyboard;
			sourceTree = "<group>";
		};
/* End PBXVariantGroup section */

/* Begin XCBuildConfiguration section */
		00C4A0F823055D50009494A0 /* Debug */ = {
			isa = XCBuildConfiguration;
			buildSettings = {
				ALWAYS_SEARCH_USER_PATHS = NO;
				CLANG_ANALYZER_NONNULL = YES;
				CLANG_ANALYZER_NUMBER_OBJECT_CONVERSION = YES_AGGRESSIVE;
				CLANG_CXX_LANGUAGE_STANDARD = "gnu++14";
				CLANG_CXX_LIBRARY = "libc++";
				CLANG_ENABLE_MODULES = YES;
				CLANG_ENABLE_OBJC_ARC = YES;
				CLANG_ENABLE_OBJC_WEAK = YES;
				CLANG_WARN_BLOCK_CAPTURE_AUTORELEASING = YES;
				CLANG_WARN_BOOL_CONVERSION = YES;
				CLANG_WARN_COMMA = YES;
				CLANG_WARN_CONSTANT_CONVERSION = YES;
				CLANG_WARN_DEPRECATED_OBJC_IMPLEMENTATIONS = YES;
				CLANG_WARN_DIRECT_OBJC_ISA_USAGE = YES_ERROR;
				CLANG_WARN_DOCUMENTATION_COMMENTS = YES;
				CLANG_WARN_EMPTY_BODY = YES;
				CLANG_WARN_ENUM_CONVERSION = YES;
				CLANG_WARN_INFINITE_RECURSION = YES;
				CLANG_WARN_INT_CONVERSION = YES;
				CLANG_WARN_NON_LITERAL_NULL_CONVERSION = YES;
				CLANG_WARN_OBJC_IMPLICIT_RETAIN_SELF = YES;
				CLANG_WARN_OBJC_LITERAL_CONVERSION = YES;
				CLANG_WARN_OBJC_ROOT_CLASS = YES_ERROR;
				CLANG_WARN_RANGE_LOOP_ANALYSIS = YES;
				CLANG_WARN_STRICT_PROTOTYPES = YES;
				CLANG_WARN_SUSPICIOUS_MOVE = YES;
				CLANG_WARN_UNGUARDED_AVAILABILITY = YES_AGGRESSIVE;
				CLANG_WARN_UNREACHABLE_CODE = YES;
				CLANG_WARN__DUPLICATE_METHOD_MATCH = YES;
				CODE_SIGN_IDENTITY = "iPhone Developer";
				COPY_PHASE_STRIP = NO;
				DEBUG_INFORMATION_FORMAT = dwarf;
				ENABLE_STRICT_OBJC_MSGSEND = YES;
				ENABLE_TESTABILITY = YES;
				GCC_C_LANGUAGE_STANDARD = gnu11;
				GCC_DYNAMIC_NO_PIC = NO;
				GCC_NO_COMMON_BLOCKS = YES;
				GCC_OPTIMIZATION_LEVEL = 0;
				GCC_PREPROCESSOR_DEFINITIONS = (
					"DEBUG=1",
					"$(inherited)",
				);
				GCC_WARN_64_TO_32_BIT_CONVERSION = YES;
				GCC_WARN_ABOUT_RETURN_TYPE = YES_ERROR;
				GCC_WARN_UNDECLARED_SELECTOR = YES;
				GCC_WARN_UNINITIALIZED_AUTOS = YES_AGGRESSIVE;
				GCC_WARN_UNUSED_FUNCTION = YES;
				GCC_WARN_UNUSED_VARIABLE = YES;
				IPHONEOS_DEPLOYMENT_TARGET = 13.0;
				MTL_ENABLE_DEBUG_INFO = INCLUDE_SOURCE;
				MTL_FAST_MATH = YES;
				ONLY_ACTIVE_ARCH = YES;
				SDKROOT = iphoneos;
				SWIFT_ACTIVE_COMPILATION_CONDITIONS = DEBUG;
				SWIFT_OPTIMIZATION_LEVEL = "-Onone";
			};
			name = Debug;
		};
		00C4A0F923055D50009494A0 /* Release */ = {
			isa = XCBuildConfiguration;
			buildSettings = {
				ALWAYS_SEARCH_USER_PATHS = NO;
				CLANG_ANALYZER_NONNULL = YES;
				CLANG_ANALYZER_NUMBER_OBJECT_CONVERSION = YES_AGGRESSIVE;
				CLANG_CXX_LANGUAGE_STANDARD = "gnu++14";
				CLANG_CXX_LIBRARY = "libc++";
				CLANG_ENABLE_MODULES = YES;
				CLANG_ENABLE_OBJC_ARC = YES;
				CLANG_ENABLE_OBJC_WEAK = YES;
				CLANG_WARN_BLOCK_CAPTURE_AUTORELEASING = YES;
				CLANG_WARN_BOOL_CONVERSION = YES;
				CLANG_WARN_COMMA = YES;
				CLANG_WARN_CONSTANT_CONVERSION = YES;
				CLANG_WARN_DEPRECATED_OBJC_IMPLEMENTATIONS = YES;
				CLANG_WARN_DIRECT_OBJC_ISA_USAGE = YES_ERROR;
				CLANG_WARN_DOCUMENTATION_COMMENTS = YES;
				CLANG_WARN_EMPTY_BODY = YES;
				CLANG_WARN_ENUM_CONVERSION = YES;
				CLANG_WARN_INFINITE_RECURSION = YES;
				CLANG_WARN_INT_CONVERSION = YES;
				CLANG_WARN_NON_LITERAL_NULL_CONVERSION = YES;
				CLANG_WARN_OBJC_IMPLICIT_RETAIN_SELF = YES;
				CLANG_WARN_OBJC_LITERAL_CONVERSION = YES;
				CLANG_WARN_OBJC_ROOT_CLASS = YES_ERROR;
				CLANG_WARN_RANGE_LOOP_ANALYSIS = YES;
				CLANG_WARN_STRICT_PROTOTYPES = YES;
				CLANG_WARN_SUSPICIOUS_MOVE = YES;
				CLANG_WARN_UNGUARDED_AVAILABILITY = YES_AGGRESSIVE;
				CLANG_WARN_UNREACHABLE_CODE = YES;
				CLANG_WARN__DUPLICATE_METHOD_MATCH = YES;
				CODE_SIGN_IDENTITY = "iPhone Developer";
				COPY_PHASE_STRIP = NO;
				DEBUG_INFORMATION_FORMAT = "dwarf-with-dsym";
				ENABLE_NS_ASSERTIONS = NO;
				ENABLE_STRICT_OBJC_MSGSEND = YES;
				GCC_C_LANGUAGE_STANDARD = gnu11;
				GCC_NO_COMMON_BLOCKS = YES;
				GCC_WARN_64_TO_32_BIT_CONVERSION = YES;
				GCC_WARN_ABOUT_RETURN_TYPE = YES_ERROR;
				GCC_WARN_UNDECLARED_SELECTOR = YES;
				GCC_WARN_UNINITIALIZED_AUTOS = YES_AGGRESSIVE;
				GCC_WARN_UNUSED_FUNCTION = YES;
				GCC_WARN_UNUSED_VARIABLE = YES;
				IPHONEOS_DEPLOYMENT_TARGET = 13.0;
				MTL_ENABLE_DEBUG_INFO = NO;
				MTL_FAST_MATH = YES;
				SDKROOT = iphoneos;
				SWIFT_COMPILATION_MODE = wholemodule;
				SWIFT_OPTIMIZATION_LEVEL = "-O";
				VALIDATE_PRODUCT = YES;
			};
			name = Release;
		};
		00C4A0FB23055D50009494A0 /* Debug */ = {
			isa = XCBuildConfiguration;
			buildSettings = {
				ASSETCATALOG_COMPILER_APPICON_NAME = AppIcon;
				CODE_SIGN_STYLE = Automatic;
				DEVELOPMENT_TEAM = PY49CKQ6VF;
				INFOPLIST_FILE = "$(SRCROOT)/BrainDump/Resources/Info.plist";
				IPHONEOS_DEPLOYMENT_TARGET = 12.3;
				LD_RUNPATH_SEARCH_PATHS = (
					"$(inherited)",
					"@executable_path/Frameworks",
				);
				PRODUCT_BUNDLE_IDENTIFIER = de.arthurhammer.BrainDump;
				PRODUCT_NAME = "$(TARGET_NAME)";
				SWIFT_VERSION = 5.0;
				TARGETED_DEVICE_FAMILY = 1;
			};
			name = Debug;
		};
		00C4A0FC23055D50009494A0 /* Release */ = {
			isa = XCBuildConfiguration;
			buildSettings = {
				ASSETCATALOG_COMPILER_APPICON_NAME = AppIcon;
				CODE_SIGN_STYLE = Automatic;
				DEVELOPMENT_TEAM = PY49CKQ6VF;
				INFOPLIST_FILE = "$(SRCROOT)/BrainDump/Resources/Info.plist";
				IPHONEOS_DEPLOYMENT_TARGET = 12.3;
				LD_RUNPATH_SEARCH_PATHS = (
					"$(inherited)",
					"@executable_path/Frameworks",
				);
				PRODUCT_BUNDLE_IDENTIFIER = de.arthurhammer.BrainDump;
				PRODUCT_NAME = "$(TARGET_NAME)";
				SWIFT_VERSION = 5.0;
				TARGETED_DEVICE_FAMILY = 1;
			};
			name = Release;
		};
/* End XCBuildConfiguration section */

/* Begin XCConfigurationList section */
		00C4A0E323055D4E009494A0 /* Build configuration list for PBXProject "BrainDump" */ = {
			isa = XCConfigurationList;
			buildConfigurations = (
				00C4A0F823055D50009494A0 /* Debug */,
				00C4A0F923055D50009494A0 /* Release */,
			);
			defaultConfigurationIsVisible = 0;
			defaultConfigurationName = Release;
		};
		00C4A0FA23055D50009494A0 /* Build configuration list for PBXNativeTarget "BrainDump" */ = {
			isa = XCConfigurationList;
			buildConfigurations = (
				00C4A0FB23055D50009494A0 /* Debug */,
				00C4A0FC23055D50009494A0 /* Release */,
			);
			defaultConfigurationIsVisible = 0;
			defaultConfigurationName = Release;
		};
/* End XCConfigurationList section */

/* Begin XCVersionGroup section */
		00B050E2230D33370075B3D3 /* BrainDump.xcdatamodeld */ = {
			isa = XCVersionGroup;
			children = (
				00B050E3230D33370075B3D3 /* BrainDump.xcdatamodel */,
			);
			currentVersion = 00B050E3230D33370075B3D3 /* BrainDump.xcdatamodel */;
			path = BrainDump.xcdatamodeld;
			sourceTree = "<group>";
			versionGroupType = wrapper.xcdatamodel;
		};
/* End XCVersionGroup section */
	};
	rootObject = 00C4A0E023055D4E009494A0 /* Project object */;
}
