// !$*UTF8*$!
{
	archiveVersion = 1;
	classes = {
	};
	objectVersion = 50;
	objects = {

/* Begin PBXBuildFile section */
		00456167230C44AC009B50DB /* UITextView.swift in Sources */ = {isa = PBXBuildFile; fileRef = 00456166230C44AC009B50DB /* UITextView.swift */; };
		00456178230C7430009B50DB /* SafeAreaInputAccessoryViewWrapperView.swift in Sources */ = {isa = PBXBuildFile; fileRef = 00456177230C7430009B50DB /* SafeAreaInputAccessoryViewWrapperView.swift */; };
		0063F21C230FCB36005A91A6 /* DumpsViewController.swift in Sources */ = {isa = PBXBuildFile; fileRef = 0063F21B230FCB36005A91A6 /* DumpsViewController.swift */; };
		0063F21E230FE66F005A91A6 /* FetchedResultsControllerChange.swift in Sources */ = {isa = PBXBuildFile; fileRef = 0063F21D230FE66F005A91A6 /* FetchedResultsControllerChange.swift */; };
		0063F220230FE6A3005A91A6 /* DumpsDataSource.swift in Sources */ = {isa = PBXBuildFile; fileRef = 0063F21F230FE6A3005A91A6 /* DumpsDataSource.swift */; };
		0095C5C8230E87CB00F964D2 /* DumpDataSource.swift in Sources */ = {isa = PBXBuildFile; fileRef = 0095C5C7230E87CB00F964D2 /* DumpDataSource.swift */; };
		00B050E4230D33370075B3D3 /* BrainDump.xcdatamodeld in Sources */ = {isa = PBXBuildFile; fileRef = 00B050E2230D33370075B3D3 /* BrainDump.xcdatamodeld */; };
		00B050E6230D3FDA0075B3D3 /* CoreDataStore.swift in Sources */ = {isa = PBXBuildFile; fileRef = 00B050E5230D3FDA0075B3D3 /* CoreDataStore.swift */; };
		00B050EB230D752A0075B3D3 /* Dump.swift in Sources */ = {isa = PBXBuildFile; fileRef = 00B050E7230D70690075B3D3 /* Dump.swift */; };
		00C4A0EC23055D4E009494A0 /* AppDelegate.swift in Sources */ = {isa = PBXBuildFile; fileRef = 00C4A0EB23055D4E009494A0 /* AppDelegate.swift */; };
		00C4A0EE23055D4E009494A0 /* DumpViewController.swift in Sources */ = {isa = PBXBuildFile; fileRef = 00C4A0ED23055D4E009494A0 /* DumpViewController.swift */; };
		00C4A0F123055D4E009494A0 /* Main.storyboard in Resources */ = {isa = PBXBuildFile; fileRef = 00C4A0EF23055D4E009494A0 /* Main.storyboard */; };
		00C4A0F323055D50009494A0 /* Assets.xcassets in Resources */ = {isa = PBXBuildFile; fileRef = 00C4A0F223055D50009494A0 /* Assets.xcassets */; };
		00C4A0F623055D50009494A0 /* LaunchScreen.storyboard in Resources */ = {isa = PBXBuildFile; fileRef = 00C4A0F423055D50009494A0 /* LaunchScreen.storyboard */; };
/* End PBXBuildFile section */

/* Begin PBXFileReference section */
		00456166230C44AC009B50DB /* UITextView.swift */ = {isa = PBXFileReference; lastKnownFileType = sourcecode.swift; path = UITextView.swift; sourceTree = "<group>"; };
		00456177230C7430009B50DB /* SafeAreaInputAccessoryViewWrapperView.swift */ = {isa = PBXFileReference; lastKnownFileType = sourcecode.swift; path = SafeAreaInputAccessoryViewWrapperView.swift; sourceTree = "<group>"; };
		0063F21B230FCB36005A91A6 /* DumpsViewController.swift */ = {isa = PBXFileReference; lastKnownFileType = sourcecode.swift; path = DumpsViewController.swift; sourceTree = "<group>"; };
		0063F21D230FE66F005A91A6 /* FetchedResultsControllerChange.swift */ = {isa = PBXFileReference; lastKnownFileType = sourcecode.swift; path = FetchedResultsControllerChange.swift; sourceTree = "<group>"; };
		0063F21F230FE6A3005A91A6 /* DumpsDataSource.swift */ = {isa = PBXFileReference; lastKnownFileType = sourcecode.swift; path = DumpsDataSource.swift; sourceTree = "<group>"; };
		0095C5C7230E87CB00F964D2 /* DumpDataSource.swift */ = {isa = PBXFileReference; lastKnownFileType = sourcecode.swift; path = DumpDataSource.swift; sourceTree = "<group>"; };
		00B050E3230D33370075B3D3 /* BrainDump.xcdatamodel */ = {isa = PBXFileReference; lastKnownFileType = wrapper.xcdatamodel; path = BrainDump.xcdatamodel; sourceTree = "<group>"; };
		00B050E5230D3FDA0075B3D3 /* CoreDataStore.swift */ = {isa = PBXFileReference; lastKnownFileType = sourcecode.swift; path = CoreDataStore.swift; sourceTree = "<group>"; };
		00B050E7230D70690075B3D3 /* Dump.swift */ = {isa = PBXFileReference; lastKnownFileType = sourcecode.swift; path = Dump.swift; sourceTree = "<group>"; };
		00C4A0E823055D4E009494A0 /* BrainDump.app */ = {isa = PBXFileReference; explicitFileType = wrapper.application; includeInIndex = 0; path = BrainDump.app; sourceTree = BUILT_PRODUCTS_DIR; };
		00C4A0EB23055D4E009494A0 /* AppDelegate.swift */ = {isa = PBXFileReference; lastKnownFileType = sourcecode.swift; path = AppDelegate.swift; sourceTree = "<group>"; };
		00C4A0ED23055D4E009494A0 /* DumpViewController.swift */ = {isa = PBXFileReference; lastKnownFileType = sourcecode.swift; path = DumpViewController.swift; sourceTree = "<group>"; };
		00C4A0F023055D4E009494A0 /* Base */ = {isa = PBXFileReference; lastKnownFileType = file.storyboard; name = Base; path = Base.lproj/Main.storyboard; sourceTree = "<group>"; };
		00C4A0F223055D50009494A0 /* Assets.xcassets */ = {isa = PBXFileReference; lastKnownFileType = folder.assetcatalog; path = Assets.xcassets; sourceTree = "<group>"; };
		00C4A0F523055D50009494A0 /* Base */ = {isa = PBXFileReference; lastKnownFileType = file.storyboard; name = Base; path = Base.lproj/LaunchScreen.storyboard; sourceTree = "<group>"; };
		00C4A0F723055D50009494A0 /* Info.plist */ = {isa = PBXFileReference; lastKnownFileType = text.plist.xml; path = Info.plist; sourceTree = "<group>"; };
/* End PBXFileReference section */

/* Begin PBXFrameworksBuildPhase section */
		00C4A0E523055D4E009494A0 /* Frameworks */ = {
			isa = PBXFrameworksBuildPhase;
			buildActionMask = 2147483647;
			files = (
			);
			runOnlyForDeploymentPostprocessing = 0;
		};
/* End PBXFrameworksBuildPhase section */

/* Begin PBXGroup section */
		00456165230C3193009B50DB /* Resources */ = {
			isa = PBXGroup;
			children = (
				00C4A0F723055D50009494A0 /* Info.plist */,
				00C4A0F223055D50009494A0 /* Assets.xcassets */,
			);
			path = Resources;
			sourceTree = "<group>";
		};
		0063F218230FC8CD005A91A6 /* Utilities */ = {
			isa = PBXGroup;
			children = (
				0063F21D230FE66F005A91A6 /* FetchedResultsControllerChange.swift */,
				00456177230C7430009B50DB /* SafeAreaInputAccessoryViewWrapperView.swift */,
				00456166230C44AC009B50DB /* UITextView.swift */,
			);
			path = Utilities;
			sourceTree = "<group>";
		};
		0063F219230FC8F7005A91A6 /* Model */ = {
			isa = PBXGroup;
			children = (
				00B050E5230D3FDA0075B3D3 /* CoreDataStore.swift */,
				00B050E7230D70690075B3D3 /* Dump.swift */,
				00B050E2230D33370075B3D3 /* BrainDump.xcdatamodeld */,
			);
			path = Model;
			sourceTree = "<group>";
		};
		0063F21A230FC91C005A91A6 /* Dump Editor */ = {
			isa = PBXGroup;
			children = (
				00C4A0ED23055D4E009494A0 /* DumpViewController.swift */,
				0095C5C7230E87CB00F964D2 /* DumpDataSource.swift */,
			);
			path = "Dump Editor";
			sourceTree = "<group>";
		};
		0063F221230FE6AB005A91A6 /* Dumps */ = {
			isa = PBXGroup;
			children = (
				0063F21B230FCB36005A91A6 /* DumpsViewController.swift */,
				0063F21F230FE6A3005A91A6 /* DumpsDataSource.swift */,
			);
			path = Dumps;
			sourceTree = "<group>";
		};
		00C4A0DF23055D4E009494A0 = {
			isa = PBXGroup;
			children = (
				00C4A0EA23055D4E009494A0 /* BrainDump */,
				00C4A0E923055D4E009494A0 /* Products */,
			);
			sourceTree = "<group>";
		};
		00C4A0E923055D4E009494A0 /* Products */ = {
			isa = PBXGroup;
			children = (
				00C4A0E823055D4E009494A0 /* BrainDump.app */,
			);
			name = Products;
			sourceTree = "<group>";
		};
		00C4A0EA23055D4E009494A0 /* BrainDump */ = {
			isa = PBXGroup;
			children = (
				00C4A0EB23055D4E009494A0 /* AppDelegate.swift */,
				00C4A0EF23055D4E009494A0 /* Main.storyboard */,
				00C4A0F423055D50009494A0 /* LaunchScreen.storyboard */,
				0063F221230FE6AB005A91A6 /* Dumps */,
				0063F21A230FC91C005A91A6 /* Dump Editor */,
				0063F219230FC8F7005A91A6 /* Model */,
				0063F218230FC8CD005A91A6 /* Utilities */,
				00456165230C3193009B50DB /* Resources */,
			);
			path = BrainDump;
			sourceTree = "<group>";
		};
/* End PBXGroup section */

/* Begin PBXNativeTarget section */
		00C4A0E723055D4E009494A0 /* BrainDump */ = {
			isa = PBXNativeTarget;
			buildConfigurationList = 00C4A0FA23055D50009494A0 /* Build configuration list for PBXNativeTarget "BrainDump" */;
			buildPhases = (
				00C4A0E423055D4E009494A0 /* Sources */,
				00C4A0E523055D4E009494A0 /* Frameworks */,
				00C4A0E623055D4E009494A0 /* Resources */,
			);
			buildRules = (
			);
			dependencies = (
			);
			name = BrainDump;
			productName = BrainDump;
			productReference = 00C4A0E823055D4E009494A0 /* BrainDump.app */;
			productType = "com.apple.product-type.application";
		};
/* End PBXNativeTarget section */

/* Begin PBXProject section */
		00C4A0E023055D4E009494A0 /* Project object */ = {
			isa = PBXProject;
			attributes = {
				LastSwiftUpdateCheck = 1020;
				LastUpgradeCheck = 1020;
				ORGANIZATIONNAME = "Arthur Hammer";
				TargetAttributes = {
					00C4A0E723055D4E009494A0 = {
						CreatedOnToolsVersion = 10.2.1;
					};
				};
			};
			buildConfigurationList = 00C4A0E323055D4E009494A0 /* Build configuration list for PBXProject "BrainDump" */;
			compatibilityVersion = "Xcode 9.3";
			developmentRegion = en;
			hasScannedForEncodings = 0;
			knownRegions = (
				en,
				Base,
			);
			mainGroup = 00C4A0DF23055D4E009494A0;
			productRefGroup = 00C4A0E923055D4E009494A0 /* Products */;
			projectDirPath = "";
			projectRoot = "";
			targets = (
				00C4A0E723055D4E009494A0 /* BrainDump */,
			);
		};
/* End PBXProject section */

/* Begin PBXResourcesBuildPhase section */
		00C4A0E623055D4E009494A0 /* Resources */ = {
			isa = PBXResourcesBuildPhase;
			buildActionMask = 2147483647;
			files = (
				00C4A0F623055D50009494A0 /* LaunchScreen.storyboard in Resources */,
				00C4A0F323055D50009494A0 /* Assets.xcassets in Resources */,
				00C4A0F123055D4E009494A0 /* Main.storyboard in Resources */,
			);
			runOnlyForDeploymentPostprocessing = 0;
		};
/* End PBXResourcesBuildPhase section */

/* Begin PBXSourcesBuildPhase section */
		00C4A0E423055D4E009494A0 /* Sources */ = {
			isa = PBXSourcesBuildPhase;
			buildActionMask = 2147483647;
			files = (
				00C4A0EE23055D4E009494A0 /* DumpViewController.swift in Sources */,
				00456178230C7430009B50DB /* SafeAreaInputAccessoryViewWrapperView.swift in Sources */,
				0063F21E230FE66F005A91A6 /* FetchedResultsControllerChange.swift in Sources */,
				0095C5C8230E87CB00F964D2 /* DumpDataSource.swift in Sources */,
				0063F21C230FCB36005A91A6 /* DumpsViewController.swift in Sources */,
				00B050E6230D3FDA0075B3D3 /* CoreDataStore.swift in Sources */,
				00B050E4230D33370075B3D3 /* BrainDump.xcdatamodeld in Sources */,
				00B050EB230D752A0075B3D3 /* Dump.swift in Sources */,
				00456167230C44AC009B50DB /* UITextView.swift in Sources */,
				0063F220230FE6A3005A91A6 /* DumpsDataSource.swift in Sources */,
				00C4A0EC23055D4E009494A0 /* AppDelegate.swift in Sources */,
			);
			runOnlyForDeploymentPostprocessing = 0;
		};
/* End PBXSourcesBuildPhase section */

/* Begin PBXVariantGroup section */
		00C4A0EF23055D4E009494A0 /* Main.storyboard */ = {
			isa = PBXVariantGroup;
			children = (
				00C4A0F023055D4E009494A0 /* Base */,
			);
			name = Main.storyboard;
			sourceTree = "<group>";
		};
		00C4A0F423055D50009494A0 /* LaunchScreen.storyboard */ = {
			isa = PBXVariantGroup;
			children = (
				00C4A0F523055D50009494A0 /* Base */,
			);
			name = LaunchScreen.storyboard;
			sourceTree = "<group>";
		};
/* End PBXVariantGroup section */

/* Begin XCBuildConfiguration section */
		00C4A0F823055D50009494A0 /* Debug */ = {
			isa = XCBuildConfiguration;
			buildSettings = {
				ALWAYS_SEARCH_USER_PATHS = NO;
				CLANG_ANALYZER_NONNULL = YES;
				CLANG_ANALYZER_NUMBER_OBJECT_CONVERSION = YES_AGGRESSIVE;
				CLANG_CXX_LANGUAGE_STANDARD = "gnu++14";
				CLANG_CXX_LIBRARY = "libc++";
				CLANG_ENABLE_MODULES = YES;
				CLANG_ENABLE_OBJC_ARC = YES;
				CLANG_ENABLE_OBJC_WEAK = YES;
				CLANG_WARN_BLOCK_CAPTURE_AUTORELEASING = YES;
				CLANG_WARN_BOOL_CONVERSION = YES;
				CLANG_WARN_COMMA = YES;
				CLANG_WARN_CONSTANT_CONVERSION = YES;
				CLANG_WARN_DEPRECATED_OBJC_IMPLEMENTATIONS = YES;
				CLANG_WARN_DIRECT_OBJC_ISA_USAGE = YES_ERROR;
				CLANG_WARN_DOCUMENTATION_COMMENTS = YES;
				CLANG_WARN_EMPTY_BODY = YES;
				CLANG_WARN_ENUM_CONVERSION = YES;
				CLANG_WARN_INFINITE_RECURSION = YES;
				CLANG_WARN_INT_CONVERSION = YES;
				CLANG_WARN_NON_LITERAL_NULL_CONVERSION = YES;
				CLANG_WARN_OBJC_IMPLICIT_RETAIN_SELF = YES;
				CLANG_WARN_OBJC_LITERAL_CONVERSION = YES;
				CLANG_WARN_OBJC_ROOT_CLASS = YES_ERROR;
				CLANG_WARN_RANGE_LOOP_ANALYSIS = YES;
				CLANG_WARN_STRICT_PROTOTYPES = YES;
				CLANG_WARN_SUSPICIOUS_MOVE = YES;
				CLANG_WARN_UNGUARDED_AVAILABILITY = YES_AGGRESSIVE;
				CLANG_WARN_UNREACHABLE_CODE = YES;
				CLANG_WARN__DUPLICATE_METHOD_MATCH = YES;
				CODE_SIGN_IDENTITY = "iPhone Developer";
				COPY_PHASE_STRIP = NO;
				DEBUG_INFORMATION_FORMAT = dwarf;
				ENABLE_STRICT_OBJC_MSGSEND = YES;
				ENABLE_TESTABILITY = YES;
				GCC_C_LANGUAGE_STANDARD = gnu11;
				GCC_DYNAMIC_NO_PIC = NO;
				GCC_NO_COMMON_BLOCKS = YES;
				GCC_OPTIMIZATION_LEVEL = 0;
				GCC_PREPROCESSOR_DEFINITIONS = (
					"DEBUG=1",
					"$(inherited)",
				);
				GCC_WARN_64_TO_32_BIT_CONVERSION = YES;
				GCC_WARN_ABOUT_RETURN_TYPE = YES_ERROR;
				GCC_WARN_UNDECLARED_SELECTOR = YES;
				GCC_WARN_UNINITIALIZED_AUTOS = YES_AGGRESSIVE;
				GCC_WARN_UNUSED_FUNCTION = YES;
				GCC_WARN_UNUSED_VARIABLE = YES;
				IPHONEOS_DEPLOYMENT_TARGET = 12.2;
				MTL_ENABLE_DEBUG_INFO = INCLUDE_SOURCE;
				MTL_FAST_MATH = YES;
				ONLY_ACTIVE_ARCH = YES;
				SDKROOT = iphoneos;
				SWIFT_ACTIVE_COMPILATION_CONDITIONS = DEBUG;
				SWIFT_OPTIMIZATION_LEVEL = "-Onone";
			};
			name = Debug;
		};
		00C4A0F923055D50009494A0 /* Release */ = {
			isa = XCBuildConfiguration;
			buildSettings = {
				ALWAYS_SEARCH_USER_PATHS = NO;
				CLANG_ANALYZER_NONNULL = YES;
				CLANG_ANALYZER_NUMBER_OBJECT_CONVERSION = YES_AGGRESSIVE;
				CLANG_CXX_LANGUAGE_STANDARD = "gnu++14";
				CLANG_CXX_LIBRARY = "libc++";
				CLANG_ENABLE_MODULES = YES;
				CLANG_ENABLE_OBJC_ARC = YES;
				CLANG_ENABLE_OBJC_WEAK = YES;
				CLANG_WARN_BLOCK_CAPTURE_AUTORELEASING = YES;
				CLANG_WARN_BOOL_CONVERSION = YES;
				CLANG_WARN_COMMA = YES;
				CLANG_WARN_CONSTANT_CONVERSION = YES;
				CLANG_WARN_DEPRECATED_OBJC_IMPLEMENTATIONS = YES;
				CLANG_WARN_DIRECT_OBJC_ISA_USAGE = YES_ERROR;
				CLANG_WARN_DOCUMENTATION_COMMENTS = YES;
				CLANG_WARN_EMPTY_BODY = YES;
				CLANG_WARN_ENUM_CONVERSION = YES;
				CLANG_WARN_INFINITE_RECURSION = YES;
				CLANG_WARN_INT_CONVERSION = YES;
				CLANG_WARN_NON_LITERAL_NULL_CONVERSION = YES;
				CLANG_WARN_OBJC_IMPLICIT_RETAIN_SELF = YES;
				CLANG_WARN_OBJC_LITERAL_CONVERSION = YES;
				CLANG_WARN_OBJC_ROOT_CLASS = YES_ERROR;
				CLANG_WARN_RANGE_LOOP_ANALYSIS = YES;
				CLANG_WARN_STRICT_PROTOTYPES = YES;
				CLANG_WARN_SUSPICIOUS_MOVE = YES;
				CLANG_WARN_UNGUARDED_AVAILABILITY = YES_AGGRESSIVE;
				CLANG_WARN_UNREACHABLE_CODE = YES;
				CLANG_WARN__DUPLICATE_METHOD_MATCH = YES;
				CODE_SIGN_IDENTITY = "iPhone Developer";
				COPY_PHASE_STRIP = NO;
				DEBUG_INFORMATION_FORMAT = "dwarf-with-dsym";
				ENABLE_NS_ASSERTIONS = NO;
				ENABLE_STRICT_OBJC_MSGSEND = YES;
				GCC_C_LANGUAGE_STANDARD = gnu11;
				GCC_NO_COMMON_BLOCKS = YES;
				GCC_WARN_64_TO_32_BIT_CONVERSION = YES;
				GCC_WARN_ABOUT_RETURN_TYPE = YES_ERROR;
				GCC_WARN_UNDECLARED_SELECTOR = YES;
				GCC_WARN_UNINITIALIZED_AUTOS = YES_AGGRESSIVE;
				GCC_WARN_UNUSED_FUNCTION = YES;
				GCC_WARN_UNUSED_VARIABLE = YES;
				IPHONEOS_DEPLOYMENT_TARGET = 12.2;
				MTL_ENABLE_DEBUG_INFO = NO;
				MTL_FAST_MATH = YES;
				SDKROOT = iphoneos;
				SWIFT_COMPILATION_MODE = wholemodule;
				SWIFT_OPTIMIZATION_LEVEL = "-O";
				VALIDATE_PRODUCT = YES;
			};
			name = Release;
		};
		00C4A0FB23055D50009494A0 /* Debug */ = {
			isa = XCBuildConfiguration;
			buildSettings = {
				ASSETCATALOG_COMPILER_APPICON_NAME = AppIcon;
				CODE_SIGN_STYLE = Automatic;
				DEVELOPMENT_TEAM = PY49CKQ6VF;
				INFOPLIST_FILE = "$(SRCROOT)/BrainDump/Resources/Info.plist";
				LD_RUNPATH_SEARCH_PATHS = (
					"$(inherited)",
					"@executable_path/Frameworks",
				);
				PRODUCT_BUNDLE_IDENTIFIER = de.arthurhammer.BrainDump;
				PRODUCT_NAME = "$(TARGET_NAME)";
				SWIFT_VERSION = 5.0;
				TARGETED_DEVICE_FAMILY = 1;
			};
			name = Debug;
		};
		00C4A0FC23055D50009494A0 /* Release */ = {
			isa = XCBuildConfiguration;
			buildSettings = {
				ASSETCATALOG_COMPILER_APPICON_NAME = AppIcon;
				CODE_SIGN_STYLE = Automatic;
				DEVELOPMENT_TEAM = PY49CKQ6VF;
				INFOPLIST_FILE = "$(SRCROOT)/BrainDump/Resources/Info.plist";
				LD_RUNPATH_SEARCH_PATHS = (
					"$(inherited)",
					"@executable_path/Frameworks",
				);
				PRODUCT_BUNDLE_IDENTIFIER = de.arthurhammer.BrainDump;
				PRODUCT_NAME = "$(TARGET_NAME)";
				SWIFT_VERSION = 5.0;
				TARGETED_DEVICE_FAMILY = 1;
			};
			name = Release;
		};
/* End XCBuildConfiguration section */

/* Begin XCConfigurationList section */
		00C4A0E323055D4E009494A0 /* Build configuration list for PBXProject "BrainDump" */ = {
			isa = XCConfigurationList;
			buildConfigurations = (
				00C4A0F823055D50009494A0 /* Debug */,
				00C4A0F923055D50009494A0 /* Release */,
			);
			defaultConfigurationIsVisible = 0;
			defaultConfigurationName = Release;
		};
		00C4A0FA23055D50009494A0 /* Build configuration list for PBXNativeTarget "BrainDump" */ = {
			isa = XCConfigurationList;
			buildConfigurations = (
				00C4A0FB23055D50009494A0 /* Debug */,
				00C4A0FC23055D50009494A0 /* Release */,
			);
			defaultConfigurationIsVisible = 0;
			defaultConfigurationName = Release;
		};
/* End XCConfigurationList section */

/* Begin XCVersionGroup section */
		00B050E2230D33370075B3D3 /* BrainDump.xcdatamodeld */ = {
			isa = XCVersionGroup;
			children = (
				00B050E3230D33370075B3D3 /* BrainDump.xcdatamodel */,
			);
			currentVersion = 00B050E3230D33370075B3D3 /* BrainDump.xcdatamodel */;
			path = BrainDump.xcdatamodeld;
			sourceTree = "<group>";
			versionGroupType = wrapper.xcdatamodel;
		};
/* End XCVersionGroup section */
	};
	rootObject = 00C4A0E023055D4E009494A0 /* Project object */;
}
